
Microsoft Visual Studio Solution File, Format Version 12.00
# Visual Studio 2012
Project("{E24C65DC-7377-472B-9ABA-BC803B73C61A}") = "wwwroot", "http://localhost:11227", "{02C7554E-A479-4687-9487-B01C9DEABC06}"
	ProjectSection(WebsiteProperties) = preProject
		UseIISExpress = "true"
		TargetFrameworkMoniker = ".NETFramework,Version%3Dv4.5"
		Debug.AspNetCompiler.VirtualPath = "/localhost_11227"
		Debug.AspNetCompiler.PhysicalPath = "D:\Users\ratul\work\netver\batfish\projects\wwwroot\"
		Debug.AspNetCompiler.TargetPath = "PrecompiledWeb\localhost_11227\"
		Debug.AspNetCompiler.Updateable = "true"
		Debug.AspNetCompiler.ForceOverwrite = "true"
		Debug.AspNetCompiler.FixedNames = "false"
		Debug.AspNetCompiler.Debug = "True"
		Release.AspNetCompiler.VirtualPath = "/localhost_11227"
		Release.AspNetCompiler.PhysicalPath = "D:\Users\ratul\work\netver\batfish\projects\wwwroot\"
		Release.AspNetCompiler.TargetPath = "PrecompiledWeb\localhost_11227\"
		Release.AspNetCompiler.Updateable = "true"
		Release.AspNetCompiler.ForceOverwrite = "true"
		Release.AspNetCompiler.FixedNames = "false"
		Release.AspNetCompiler.Debug = "False"
		SlnRelativePath = "D:\Users\ratul\work\netver\batfish\projects\wwwroot\"
		DefaultWebSiteLanguage = "Visual C#"
	EndProjectSection
EndProject
Global
	GlobalSection(SolutionConfigurationPlatforms) = preSolution
		Debug|Any CPU = Debug|Any CPU
	EndGlobalSection
	GlobalSection(ProjectConfigurationPlatforms) = postSolution
		{02C7554E-A479-4687-9487-B01C9DEABC06}.Debug|Any CPU.ActiveCfg = Debug|Any CPU
		{02C7554E-A479-4687-9487-B01C9DEABC06}.Debug|Any CPU.Build.0 = Debug|Any CPU
	EndGlobalSection
	GlobalSection(SolutionProperties) = preSolution
		HideSolutionNode = FALSE
	EndGlobalSection
EndGlobal
