
Microsoft Visual Studio Solution File, Format Version 12.00
# Visual Studio 2012
Project("{E24C65DC-7377-472B-9ABA-BC803B73C61A}") = "wwwroot", "http://localhost:37773", "{3E9CCA39-1E16-46DC-87C9-F7FDE3C8B63B}"
	ProjectSection(WebsiteProperties) = preProject
		UseIISExpress = "true"
		TargetFrameworkMoniker = ".NETFramework,Version%3Dv4.5"
		Debug.AspNetCompiler.VirtualPath = "/localhost_37773"
		Debug.AspNetCompiler.PhysicalPath = "..\wwwroot\"
		Debug.AspNetCompiler.TargetPath = "PrecompiledWeb\localhost_37773\"
		Debug.AspNetCompiler.Updateable = "true"
		Debug.AspNetCompiler.ForceOverwrite = "true"
		Debug.AspNetCompiler.FixedNames = "false"
		Debug.AspNetCompiler.Debug = "True"
		Release.AspNetCompiler.VirtualPath = "/localhost_37773"
		Release.AspNetCompiler.PhysicalPath = "..\wwwroot\"
		Release.AspNetCompiler.TargetPath = "PrecompiledWeb\localhost_37773\"
		Release.AspNetCompiler.Updateable = "true"
		Release.AspNetCompiler.ForceOverwrite = "true"
		Release.AspNetCompiler.FixedNames = "false"
		Release.AspNetCompiler.Debug = "False"
		SlnRelativePath = "..\wwwroot\"
	EndProjectSection
EndProject
Global
	GlobalSection(SolutionConfigurationPlatforms) = preSolution
		Debug|Any CPU = Debug|Any CPU
	EndGlobalSection
	GlobalSection(ProjectConfigurationPlatforms) = postSolution
		{3E9CCA39-1E16-46DC-87C9-F7FDE3C8B63B}.Debug|Any CPU.ActiveCfg = Debug|Any CPU
		{3E9CCA39-1E16-46DC-87C9-F7FDE3C8B63B}.Debug|Any CPU.Build.0 = Debug|Any CPU
	EndGlobalSection
	GlobalSection(SolutionProperties) = preSolution
		HideSolutionNode = FALSE
	EndGlobalSection
EndGlobal
